PODS:
  - Masonry (0.6.4)
  - SDWebImage (3.7.5):
    - SDWebImage/Core (= 3.7.5)
  - SDWebImage/Core (3.7.5)
  - YPBanner (0.3.0):
    - SDWebImage (~> 3.7.3)

DEPENDENCIES:
  - Masonry
  - SDWebImage (~> 3.7.3)
  - YPBanner (from `../`)

EXTERNAL SOURCES:
  YPBanner:
    :path: "../"

SPEC CHECKSUMS:
  Masonry: 281802d04d787ea2973179ee8bcb50500579ede2
  SDWebImage: 69c6303e3348fba97e03f65d65d4fbc26740f461
  YPBanner: 5d0c815edea835148b93f16d93dbdfd2919804f7

COCOAPODS: 0.39.0
